
Microsoft Visual Studio Solution File, Format Version 12.00
# Visual Studio Version 17
VisualStudioVersion = 17.6.33829.357
MinimumVisualStudioVersion = 10.0.40219.1
Project("{FAE04EC0-301F-11D3-BF4B-00C04F79EFBC}") = "bai_thuc_hanh_13_9", "bai_thuc_hanh_13_9\bai_thuc_hanh_13_9.csproj", "{69BB4026-BFD8-41D6-A210-AC601F3F967A}"
EndProject
Global
	GlobalSection(SolutionConfigurationPlatforms) = preSolution
		Debug|Any CPU = Debug|Any CPU
		Release|Any CPU = Release|Any CPU
	EndGlobalSection
	GlobalSection(ProjectConfigurationPlatforms) = postSolution
		{69BB4026-BFD8-41D6-A210-AC601F3F967A}.Debug|Any CPU.ActiveCfg = Debug|Any CPU
		{69BB4026-BFD8-41D6-A210-AC601F3F967A}.Debug|Any CPU.Build.0 = Debug|Any CPU
		{69BB4026-BFD8-41D6-A210-AC601F3F967A}.Release|Any CPU.ActiveCfg = Release|Any CPU
		{69BB4026-BFD8-41D6-A210-AC601F3F967A}.Release|Any CPU.Build.0 = Release|Any CPU
	EndGlobalSection
	GlobalSection(SolutionProperties) = preSolution
		HideSolutionNode = FALSE
	EndGlobalSection
	GlobalSection(ExtensibilityGlobals) = postSolution
		SolutionGuid = {ACBB454D-CC18-4676-B70A-E38313A9EB82}
	EndGlobalSection
EndGlobal
